{
  "nodes": {
    "base16-schemes": {
      "flake": false,
      "locked": {
        "lastModified": 1696158499,
        "narHash": "sha256-5yIHgDTPjoX/3oDEfLSQ0eJZdFL1SaCfb9d6M0RmOTM=",
        "owner": "tinted-theming",
        "repo": "base16-schemes",
        "rev": "a9112eaae86d9dd8ee6bb9445b664fba2f94037a",
        "type": "github"
      },
      "original": {
        "owner": "tinted-theming",
        "repo": "base16-schemes",
        "type": "github"
      }
    },
    "catppuccin-renoise": {
      "flake": false,
      "locked": {
        "lastModified": 1751194361,
        "narHash": "sha256-djq0c/gz/tTNJqJwhQgaTDGm12lBAnqMZLUzVjeG2g8=",
        "owner": "catppuccin",
        "repo": "renoise",
        "rev": "9a7eb0a42583423f7f8d693b1bbca52017d62943",
        "type": "github"
      },
      "original": {
        "owner": "catppuccin",
        "repo": "renoise",
        "type": "github"
      }
    },
    "crane": {
      "locked": {
        "lastModified": 1762189950,
        "narHash": "sha256-aotggLUXjlDGqKWibGPQcMZJGgdr79S21ISrv1Wz6RI=",
        "owner": "ipetkov",
        "repo": "crane",
        "rev": "50700219af884287ad7c85507e2f163b23a027a9",
        "type": "github"
      },
      "original": {
        "owner": "ipetkov",
        "repo": "crane",
        "type": "github"
      }
    },
    "flake-compat": {
      "flake": false,
      "locked": {
        "lastModified": 1761588595,
        "narHash": "sha256-XKUZz9zewJNUj46b4AJdiRZJAvSZ0Dqj2BNfXvFlJC4=",
        "owner": "edolstra",
        "repo": "flake-compat",
        "rev": "f387cd2afec9419c8ee37694406ca490c3f34ee5",
        "type": "github"
      },
      "original": {
        "owner": "edolstra",
        "repo": "flake-compat",
        "type": "github"
      }
    },
    "flake-parts": {
      "inputs": {
        "nixpkgs-lib": "nixpkgs-lib"
      },
      "locked": {
        "lastModified": 1763759067,
        "narHash": "sha256-LlLt2Jo/gMNYAwOgdRQBrsRoOz7BPRkzvNaI/fzXi2Q=",
        "owner": "hercules-ci",
        "repo": "flake-parts",
        "rev": "2cccadc7357c0ba201788ae99c4dfa90728ef5e0",
        "type": "github"
      },
      "original": {
        "owner": "hercules-ci",
        "repo": "flake-parts",
        "type": "github"
      }
    },
    "flake-parts_2": {
      "inputs": {
        "nixpkgs-lib": [
          "neovim-nightly",
          "nixpkgs"
        ]
      },
      "locked": {
        "lastModified": 1765835352,
        "narHash": "sha256-XswHlK/Qtjasvhd1nOa1e8MgZ8GS//jBoTqWtrS1Giw=",
        "owner": "hercules-ci",
        "repo": "flake-parts",
        "rev": "a34fae9c08a15ad73f295041fec82323541400a9",
        "type": "github"
      },
      "original": {
        "owner": "hercules-ci",
        "repo": "flake-parts",
        "type": "github"
      }
    },
    "flake-parts_3": {
      "inputs": {
        "nixpkgs-lib": "nixpkgs-lib_3"
      },
      "locked": {
        "lastModified": 1765495779,
        "narHash": "sha256-MhA7wmo/7uogLxiewwRRmIax70g6q1U/YemqTGoFHlM=",
        "owner": "hercules-ci",
        "repo": "flake-parts",
        "rev": "5635c32d666a59ec9a55cab87e898889869f7b71",
        "type": "github"
      },
      "original": {
        "owner": "hercules-ci",
        "repo": "flake-parts",
        "type": "github"
      }
    },
    "flake-parts_4": {
      "inputs": {
        "nixpkgs-lib": [
          "nixvim",
          "nixpkgs"
        ]
      },
      "locked": {
        "lastModified": 1765835352,
        "narHash": "sha256-XswHlK/Qtjasvhd1nOa1e8MgZ8GS//jBoTqWtrS1Giw=",
        "owner": "hercules-ci",
        "repo": "flake-parts",
        "rev": "a34fae9c08a15ad73f295041fec82323541400a9",
        "type": "github"
      },
      "original": {
        "owner": "hercules-ci",
        "repo": "flake-parts",
        "type": "github"
      }
    },
    "flake-parts_5": {
      "inputs": {
        "nixpkgs-lib": "nixpkgs-lib_4"
      },
      "locked": {
        "lastModified": 1763759067,
        "narHash": "sha256-LlLt2Jo/gMNYAwOgdRQBrsRoOz7BPRkzvNaI/fzXi2Q=",
        "owner": "hercules-ci",
        "repo": "flake-parts",
        "rev": "2cccadc7357c0ba201788ae99c4dfa90728ef5e0",
        "type": "github"
      },
      "original": {
        "owner": "hercules-ci",
        "repo": "flake-parts",
        "type": "github"
      }
    },
    "flake-parts_6": {
      "inputs": {
        "nixpkgs-lib": "nixpkgs-lib_5"
      },
      "locked": {
        "lastModified": 1760948891,
        "narHash": "sha256-TmWcdiUUaWk8J4lpjzu4gCGxWY6/Ok7mOK4fIFfBuU4=",
        "owner": "hercules-ci",
        "repo": "flake-parts",
        "rev": "864599284fc7c0ba6357ed89ed5e2cd5040f0c04",
        "type": "github"
      },
      "original": {
        "owner": "hercules-ci",
        "repo": "flake-parts",
        "type": "github"
      }
    },
    "flake-parts_7": {
      "inputs": {
        "nixpkgs-lib": [
          "schizofox",
          "nixpkgs"
        ]
      },
      "locked": {
        "lastModified": 1762980239,
        "narHash": "sha256-8oNVE8TrD19ulHinjaqONf9QWCKK+w4url56cdStMpM=",
        "owner": "hercules-ci",
        "repo": "flake-parts",
        "rev": "52a2caecc898d0b46b2b905f058ccc5081f842da",
        "type": "github"
      },
      "original": {
        "owner": "hercules-ci",
        "repo": "flake-parts",
        "type": "github"
      }
    },
    "generators": {
      "inputs": {
        "nixlib": "nixlib",
        "nixpkgs": [
          "nixpkgs"
        ]
      },
      "locked": {
        "lastModified": 1764234087,
        "narHash": "sha256-NHF7QWa0ZPT8hsJrvijREW3+nifmF2rTXgS2v0tpcEA=",
        "owner": "nix-community",
        "repo": "nixos-generators",
        "rev": "032a1878682fafe829edfcf5fdfad635a2efe748",
        "type": "github"
      },
      "original": {
        "owner": "nix-community",
        "repo": "nixos-generators",
        "type": "github"
      }
    },
    "hercules-ci-effects": {
      "inputs": {
        "flake-parts": [
          "schizofox",
          "nixpak",
          "flake-parts"
        ],
        "nixpkgs": [
          "schizofox",
          "nixpak",
          "nixpkgs"
        ]
      },
      "locked": {
        "lastModified": 1762440648,
        "narHash": "sha256-rfufj1K9c9/nZmCPPUkuGPGKX5glVrAy/poySGc+GLk=",
        "owner": "hercules-ci",
        "repo": "hercules-ci-effects",
        "rev": "4a76236652f1e867265757b5026682253c4b6e6e",
        "type": "github"
      },
      "original": {
        "owner": "hercules-ci",
        "repo": "hercules-ci-effects",
        "type": "github"
      }
    },
    "home-manager": {
      "inputs": {
        "nixpkgs": [
          "nixpkgs"
        ]
      },
      "locked": {
        "lastModified": 1765980955,
        "narHash": "sha256-rB45jv4uwC90vM9UZ70plfvY/2Kdygs+zlQ07dGQFk4=",
        "owner": "nix-community",
        "repo": "home-manager",
        "rev": "89c9508bbe9b40d36b3dc206c2483ef176f15173",
        "type": "github"
      },
      "original": {
        "owner": "nix-community",
        "repo": "home-manager",
        "type": "github"
      }
    },
    "home-manager_2": {
      "inputs": {
        "nixpkgs": [
          "schizofox",
          "nixpkgs"
        ]
      },
      "locked": {
        "lastModified": 1763313531,
        "narHash": "sha256-yvdCYUL85zEDp2NzPUBmaNBXP6KnWEOhAk3j7PTfsKw=",
        "owner": "nix-community",
        "repo": "home-manager",
        "rev": "3670a78eee49deebe4825fc8ecc46b172d1a8391",
        "type": "github"
      },
      "original": {
        "owner": "nix-community",
        "repo": "home-manager",
        "type": "github"
      }
    },
    "margesimpson": {
      "inputs": {
        "flake-parts": "flake-parts_6",
        "nixpkgs": [
          "reanix",
          "nixpkgs"
        ]
      },
      "locked": {
        "lastModified": 1761455199,
        "narHash": "sha256-TgK8dtUxZVQOustuADarhV/ZMKpFifGq1ClBMPcYQIU=",
        "owner": "mrtnvgr",
        "repo": "margesimpson",
        "rev": "f7ffb2c0ea925c28e7341479ba8e3c8615a55559",
        "type": "github"
      },
      "original": {
        "owner": "mrtnvgr",
        "repo": "margesimpson",
        "type": "github"
      }
    },
    "mrtnvgr": {
      "inputs": {
        "flake-parts": "flake-parts",
        "nixpkgs": [
          "nixpkgs"
        ]
      },
      "locked": {
        "lastModified": 1765247298,
        "narHash": "sha256-YA/35nTRA87QanShK73xF4FR0i4Xu6p5m96DM5xi870=",
        "owner": "mrtnvgr",
        "repo": "nurpkgs",
        "rev": "17bd038a2c42f29b2d739b0b2a13c65fe44e597c",
        "type": "github"
      },
      "original": {
        "owner": "mrtnvgr",
        "repo": "nurpkgs",
        "type": "github"
      }
    },
    "neovim-nightly": {
      "inputs": {
        "flake-parts": "flake-parts_2",
        "neovim-src": "neovim-src",
        "nixpkgs": "nixpkgs"
      },
      "locked": {
        "lastModified": 1766102654,
        "narHash": "sha256-F2g1gDd88D5KI6j2YIfXn0Vcug+wNqcwFyKWQ/CnPUY=",
        "owner": "nix-community",
        "repo": "neovim-nightly-overlay",
        "rev": "f5c873a02a0607bf5847d85af629dbb86dd75f4e",
        "type": "github"
      },
      "original": {
        "owner": "nix-community",
        "repo": "neovim-nightly-overlay",
        "type": "github"
      }
    },
    "neovim-src": {
      "flake": false,
      "locked": {
        "lastModified": 1766102038,
        "narHash": "sha256-17Rz4usR1sLsj0IhMU+GuVViwqRmgDOHGyaOAhLfJis=",
        "owner": "neovim",
        "repo": "neovim",
        "rev": "04357f2eff750ca7cb32f19d43bf7dd64249a0f9",
        "type": "github"
      },
      "original": {
        "owner": "neovim",
        "repo": "neovim",
        "type": "github"
      }
    },
    "nix-colors": {
      "inputs": {
        "base16-schemes": "base16-schemes",
        "nixpkgs-lib": "nixpkgs-lib_2"
      },
      "locked": {
        "lastModified": 1707825078,
        "narHash": "sha256-hTfge2J2W+42SZ7VHXkf4kjU+qzFqPeC9k66jAUBMHk=",
        "owner": "Misterio77",
        "repo": "nix-colors",
        "rev": "b01f024090d2c4fc3152cd0cf12027a7b8453ba1",
        "type": "github"
      },
      "original": {
        "owner": "Misterio77",
        "repo": "nix-colors",
        "type": "github"
      }
    },
    "nix-gaming": {
      "inputs": {
        "flake-parts": "flake-parts_3",
        "nixpkgs": "nixpkgs_2"
      },
      "locked": {
        "lastModified": 1766023166,
        "narHash": "sha256-6p0ez0d4qkqLDKLHliS2kz9CQaftsZT3P48J0aV3zRw=",
        "owner": "fufexan",
        "repo": "nix-gaming",
        "rev": "f67539f079071f57cf3e2f3e3ca00595d62990f3",
        "type": "github"
      },
      "original": {
        "owner": "fufexan",
        "repo": "nix-gaming",
        "type": "github"
      }
    },
    "nixlib": {
      "locked": {
        "lastModified": 1736643958,
        "narHash": "sha256-tmpqTSWVRJVhpvfSN9KXBvKEXplrwKnSZNAoNPf/S/s=",
        "owner": "nix-community",
        "repo": "nixpkgs.lib",
        "rev": "1418bc28a52126761c02dd3d89b2d8ca0f521181",
        "type": "github"
      },
      "original": {
        "owner": "nix-community",
        "repo": "nixpkgs.lib",
        "type": "github"
      }
    },
    "nixpak": {
      "inputs": {
        "flake-parts": [
          "schizofox",
          "flake-parts"
        ],
        "hercules-ci-effects": "hercules-ci-effects",
        "nixpkgs": [
          "schizofox",
          "nixpkgs"
        ]
      },
      "locked": {
        "lastModified": 1763150840,
        "narHash": "sha256-e5QaUf5/4lCsamXuJ35ADFY+3Aoqlyp9GgH/yp/GAKk=",
        "owner": "nixpak",
        "repo": "nixpak",
        "rev": "1e25ddd3e0bf70e3e18c02a8615ce3420db07642",
        "type": "github"
      },
      "original": {
        "owner": "nixpak",
        "repo": "nixpak",
        "type": "github"
      }
    },
    "nixpkgs": {
      "locked": {
        "lastModified": 1766025857,
        "narHash": "sha256-Lav5jJazCW4mdg1iHcROpuXqmM94BWJvabLFWaJVJp0=",
        "owner": "NixOS",
        "repo": "nixpkgs",
        "rev": "def3da69945bbe338c373fddad5a1bb49cf199ce",
        "type": "github"
      },
      "original": {
        "owner": "NixOS",
        "ref": "nixpkgs-unstable",
        "repo": "nixpkgs",
        "type": "github"
      }
    },
    "nixpkgs-lib": {
      "locked": {
        "lastModified": 1761765539,
        "narHash": "sha256-b0yj6kfvO8ApcSE+QmA6mUfu8IYG6/uU28OFn4PaC8M=",
        "owner": "nix-community",
        "repo": "nixpkgs.lib",
        "rev": "719359f4562934ae99f5443f20aa06c2ffff91fc",
        "type": "github"
      },
      "original": {
        "owner": "nix-community",
        "repo": "nixpkgs.lib",
        "type": "github"
      }
    },
    "nixpkgs-lib_2": {
      "locked": {
        "lastModified": 1697935651,
        "narHash": "sha256-qOfWjQ2JQSQL15KLh6D7xQhx0qgZlYZTYlcEiRuAMMw=",
        "owner": "nix-community",
        "repo": "nixpkgs.lib",
        "rev": "e1e11fdbb01113d85c7f41cada9d2847660e3902",
        "type": "github"
      },
      "original": {
        "owner": "nix-community",
        "repo": "nixpkgs.lib",
        "type": "github"
      }
    },
    "nixpkgs-lib_3": {
      "locked": {
        "lastModified": 1761765539,
        "narHash": "sha256-b0yj6kfvO8ApcSE+QmA6mUfu8IYG6/uU28OFn4PaC8M=",
        "owner": "nix-community",
        "repo": "nixpkgs.lib",
        "rev": "719359f4562934ae99f5443f20aa06c2ffff91fc",
        "type": "github"
      },
      "original": {
        "owner": "nix-community",
        "repo": "nixpkgs.lib",
        "type": "github"
      }
    },
    "nixpkgs-lib_4": {
      "locked": {
        "lastModified": 1761765539,
        "narHash": "sha256-b0yj6kfvO8ApcSE+QmA6mUfu8IYG6/uU28OFn4PaC8M=",
        "owner": "nix-community",
        "repo": "nixpkgs.lib",
        "rev": "719359f4562934ae99f5443f20aa06c2ffff91fc",
        "type": "github"
      },
      "original": {
        "owner": "nix-community",
        "repo": "nixpkgs.lib",
        "type": "github"
      }
    },
    "nixpkgs-lib_5": {
      "locked": {
        "lastModified": 1754788789,
        "narHash": "sha256-x2rJ+Ovzq0sCMpgfgGaaqgBSwY+LST+WbZ6TytnT9Rk=",
        "owner": "nix-community",
        "repo": "nixpkgs.lib",
        "rev": "a73b9c743612e4244d865a2fdee11865283c04e6",
        "type": "github"
      },
      "original": {
        "owner": "nix-community",
        "repo": "nixpkgs.lib",
        "type": "github"
      }
    },
    "nixpkgs-patch-auburn-sounds-inner-pitch": {
      "flake": false,
      "locked": {
        "narHash": "sha256-TX/En6qselsPNc9nLgGX9yR2eOMeLhq7wG3S0PLiGLQ=",
        "type": "file",
        "url": "https://github.com/NixOS/nixpkgs/pull/461472.patch"
      },
      "original": {
        "type": "file",
        "url": "https://github.com/NixOS/nixpkgs/pull/461472.patch"
      }
    },
    "nixpkgs-patch-convertwithmoss": {
      "flake": false,
      "locked": {
        "narHash": "sha256-EvEE9+ihhu6ShOX/wg1wMkwn6xjb7tcLw7BHMEBzxik=",
        "type": "file",
        "url": "https://github.com/NixOS/nixpkgs/pull/470158.patch"
      },
      "original": {
        "type": "file",
        "url": "https://github.com/NixOS/nixpkgs/pull/470158.patch"
      }
    },
    "nixpkgs-patch-cstop": {
      "flake": false,
      "locked": {
        "narHash": "sha256-4fhqZVN57dqo3a6246nN9XlKTPhnXayiI+YUOIXKpDY=",
        "type": "file",
        "url": "https://github.com/NixOS/nixpkgs/pull/463428.patch"
      },
      "original": {
        "type": "file",
        "url": "https://github.com/NixOS/nixpkgs/pull/463428.patch"
      }
    },
    "nixpkgs-patch-filtr": {
      "flake": false,
      "locked": {
        "narHash": "sha256-qxO91pd1vOlzW/q7a8JVnuk5aPpc7j3JhhTAWVXYBEc=",
        "type": "file",
        "url": "https://github.com/NixOS/nixpkgs/pull/460273.patch"
      },
      "original": {
        "type": "file",
        "url": "https://github.com/NixOS/nixpkgs/pull/460273.patch"
      }
    },
    "nixpkgs-patch-gate12": {
      "flake": false,
      "locked": {
        "narHash": "sha256-ipfBDs+pmDvchSJSYfqfCi31L0a49oCAO0n3d72NSMM=",
        "type": "file",
        "url": "https://github.com/NixOS/nixpkgs/pull/460260.patch"
      },
      "original": {
        "type": "file",
        "url": "https://github.com/NixOS/nixpkgs/pull/460260.patch"
      }
    },
    "nixpkgs-patch-hamburger": {
      "flake": false,
      "locked": {
        "narHash": "sha256-YVEyoYzuG71g1yadYUfYd5vgMXujpwYk1TT5FZu02ms=",
        "type": "file",
        "url": "https://github.com/NixOS/nixpkgs/pull/468672.patch"
      },
      "original": {
        "type": "file",
        "url": "https://github.com/NixOS/nixpkgs/pull/468672.patch"
      }
    },
    "nixpkgs-patch-nils-k1v": {
      "flake": false,
      "locked": {
        "narHash": "sha256-LMTUMi66NXsE1cgp9/Ozly4qhbiVMjlWjcLD2XpFtVg=",
        "type": "file",
        "url": "https://github.com/NixOS/nixpkgs/pull/468448.patch"
      },
      "original": {
        "type": "file",
        "url": "https://github.com/NixOS/nixpkgs/pull/468448.patch"
      }
    },
    "nixpkgs-patch-reevr": {
      "flake": false,
      "locked": {
        "narHash": "sha256-ZOqj3ghLEMSNt8g5YuHCw+OxLGCGcpqUej+k3TUO8WQ=",
        "type": "file",
        "url": "https://github.com/NixOS/nixpkgs/pull/460283.patch"
      },
      "original": {
        "type": "file",
        "url": "https://github.com/NixOS/nixpkgs/pull/460283.patch"
      }
    },
    "nixpkgs-patch-sfizz-ui": {
      "flake": false,
      "locked": {
        "narHash": "sha256-Ad3DhC1hEPcVaaNn53DYslhHuwPLg3kFOub9XJlTtOs=",
        "type": "file",
        "url": "https://github.com/NixOS/nixpkgs/pull/457744.patch"
      },
      "original": {
        "type": "file",
        "url": "https://github.com/NixOS/nixpkgs/pull/457744.patch"
      }
    },
    "nixpkgs-patch-socalabs-loser-ports": {
      "flake": false,
      "locked": {
        "narHash": "sha256-Nmjkx/v3fMok/pDRq392zs0yxUAB8/rKiIMazVUpeiU=",
        "type": "file",
        "url": "https://github.com/NixOS/nixpkgs/pull/462546.patch"
      },
      "original": {
        "type": "file",
        "url": "https://github.com/NixOS/nixpkgs/pull/462546.patch"
      }
    },
    "nixpkgs-patch-socalabs-mverb": {
      "flake": false,
      "locked": {
        "narHash": "sha256-3eEEJwGQ4Wgi0Bxucu4tu/rbDj02zldpkr6ddfH9rAQ=",
        "type": "file",
        "url": "https://github.com/NixOS/nixpkgs/pull/462464.patch"
      },
      "original": {
        "type": "file",
        "url": "https://github.com/NixOS/nixpkgs/pull/462464.patch"
      }
    },
    "nixpkgs-patch-socalabs-organ": {
      "flake": false,
      "locked": {
        "narHash": "sha256-3dOEF16FVUhnk8Uw/oVs/WKzda5VTvZo6+XFInabWbE=",
        "type": "file",
        "url": "https://github.com/NixOS/nixpkgs/pull/461829.patch"
      },
      "original": {
        "type": "file",
        "url": "https://github.com/NixOS/nixpkgs/pull/461829.patch"
      }
    },
    "nixpkgs-patch-socalabs-other-bundle": {
      "flake": false,
      "locked": {
        "narHash": "sha256-oReJf9fKGwQswExLD2C2t85wHP2+1oxJ3DZv8FrKBvo=",
        "type": "file",
        "url": "https://github.com/NixOS/nixpkgs/pull/462236.patch"
      },
      "original": {
        "type": "file",
        "url": "https://github.com/NixOS/nixpkgs/pull/462236.patch"
      }
    },
    "nixpkgs-patch-socalabs-papu": {
      "flake": false,
      "locked": {
        "narHash": "sha256-rSlsoO+RBq4Aqj3ZunB/WBh7ry0hV6mZuC9CORiY9vw=",
        "type": "file",
        "url": "https://github.com/NixOS/nixpkgs/pull/461897.patch"
      },
      "original": {
        "type": "file",
        "url": "https://github.com/NixOS/nixpkgs/pull/461897.patch"
      }
    },
    "nixpkgs-patch-socalabs-piano": {
      "flake": false,
      "locked": {
        "narHash": "sha256-mIVH91tcuxCoEdZfr1GfZjyN18W/Rr92NaSbY3F/DmA=",
        "type": "file",
        "url": "https://github.com/NixOS/nixpkgs/pull/461894.patch"
      },
      "original": {
        "type": "file",
        "url": "https://github.com/NixOS/nixpkgs/pull/461894.patch"
      }
    },
    "nixpkgs-patch-socalabs-rp2a03": {
      "flake": false,
      "locked": {
        "narHash": "sha256-C9vsvJAJU4KlQixsca8GtJUni99E0NlCA1cr46z/fX0=",
        "type": "file",
        "url": "https://github.com/NixOS/nixpkgs/pull/461837.patch"
      },
      "original": {
        "type": "file",
        "url": "https://github.com/NixOS/nixpkgs/pull/461837.patch"
      }
    },
    "nixpkgs-patch-socalabs-sn76489": {
      "flake": false,
      "locked": {
        "narHash": "sha256-UY6k0EJSY89dvbW0rf4kMgKKC78XjliWF1AYm2U6cgw=",
        "type": "file",
        "url": "https://github.com/NixOS/nixpkgs/pull/461853.patch"
      },
      "original": {
        "type": "file",
        "url": "https://github.com/NixOS/nixpkgs/pull/461853.patch"
      }
    },
    "nixpkgs-patch-socalabs-voc": {
      "flake": false,
      "locked": {
        "narHash": "sha256-Z2lny2+2Wt/MtAnTwTfLvxjvgZ2XcuSmUu6uZ2AUCE0=",
        "type": "file",
        "url": "https://github.com/NixOS/nixpkgs/pull/462475.patch"
      },
      "original": {
        "type": "file",
        "url": "https://github.com/NixOS/nixpkgs/pull/462475.patch"
      }
    },
    "nixpkgs-patch-socalabs-wavetable": {
      "flake": false,
      "locked": {
        "narHash": "sha256-Ww3M/mgPOr53UMVTdRnkqZvp9LtWNf5DA8uYdWiOTuY=",
        "type": "file",
        "url": "https://github.com/NixOS/nixpkgs/pull/462243.patch"
      },
      "original": {
        "type": "file",
        "url": "https://github.com/NixOS/nixpkgs/pull/462243.patch"
      }
    },
    "nixpkgs-patch-spectralsuite": {
      "flake": false,
      "locked": {
        "narHash": "sha256-1bstWMgIou4Q6bU0HD/GwHG/LdpjeZcgUOt+VZW17bc=",
        "type": "file",
        "url": "https://github.com/NixOS/nixpkgs/pull/463653.patch"
      },
      "original": {
        "type": "file",
        "url": "https://github.com/NixOS/nixpkgs/pull/463653.patch"
      }
    },
    "nixpkgs-patch-time12": {
      "flake": false,
      "locked": {
        "narHash": "sha256-eVMu9N9AHzut+lCfjZN/Zb2ifeP972HuQjXO0usZbho=",
        "type": "file",
        "url": "https://github.com/NixOS/nixpkgs/pull/460099.patch"
      },
      "original": {
        "type": "file",
        "url": "https://github.com/NixOS/nixpkgs/pull/460099.patch"
      }
    },
    "nixpkgs-patch-wildergarden-maim": {
      "flake": false,
      "locked": {
        "narHash": "sha256-Q2vni24mI/2xYQqKJ48dQgBWA4xgD4aGo8eFEYsayMg=",
        "type": "file",
        "url": "https://github.com/NixOS/nixpkgs/pull/461467.patch"
      },
      "original": {
        "type": "file",
        "url": "https://github.com/NixOS/nixpkgs/pull/461467.patch"
      }
    },
    "nixpkgs-patcher": {
      "locked": {
        "lastModified": 1765447685,
        "narHash": "sha256-H2C5UgIo3nkB2aHnvePZxOMn1GeWM3RTXLjBUT1z/I0=",
        "owner": "gepbird",
        "repo": "nixpkgs-patcher",
        "rev": "fd95467b7f4452b95a0eb610fc96af572149c7d9",
        "type": "github"
      },
      "original": {
        "owner": "gepbird",
        "repo": "nixpkgs-patcher",
        "type": "github"
      }
    },
    "nixpkgs-wine": {
      "locked": {
        "lastModified": 1722062969,
        "narHash": "sha256-QOS0ykELUmPbrrUGmegAUlpmUFznDQeR4q7rFhl8eQg=",
        "owner": "nixos",
        "repo": "nixpkgs",
        "rev": "b73c2221a46c13557b1b3be9c2070cc42cf01eb3",
        "type": "github"
      },
      "original": {
        "owner": "nixos",
        "repo": "nixpkgs",
        "rev": "b73c2221a46c13557b1b3be9c2070cc42cf01eb3",
        "type": "github"
      }
    },
    "nixpkgs_2": {
      "locked": {
        "lastModified": 1765457389,
        "narHash": "sha256-ddhDtNYvleZeYF7g7TRFSmuQuZh7HCgqstg5YBGwo5s=",
        "owner": "NixOS",
        "repo": "nixpkgs",
        "rev": "f997fa0f94fb1ce55bccb97f60d41412ae8fde4c",
        "type": "github"
      },
      "original": {
        "owner": "NixOS",
        "ref": "nixpkgs-unstable",
        "repo": "nixpkgs",
        "type": "github"
      }
    },
    "nixpkgs_3": {
      "locked": {
        "lastModified": 1765779637,
        "narHash": "sha256-KJ2wa/BLSrTqDjbfyNx70ov/HdgNBCBBSQP3BIzKnv4=",
        "owner": "nixos",
        "repo": "nixpkgs",
        "rev": "1306659b587dc277866c7b69eb97e5f07864d8c4",
        "type": "github"
      },
      "original": {
        "owner": "nixos",
        "ref": "nixos-unstable",
        "repo": "nixpkgs",
        "type": "github"
      }
    },
    "nixpkgs_4": {
      "locked": {
        "lastModified": 1765934234,
        "narHash": "sha256-pJjWUzNnjbIAMIc5gRFUuKCDQ9S1cuh3b2hKgA7Mc4A=",
        "owner": "NixOS",
        "repo": "nixpkgs",
        "rev": "af84f9d270d404c17699522fab95bbf928a2d92f",
        "type": "github"
      },
      "original": {
        "owner": "NixOS",
        "ref": "nixpkgs-unstable",
        "repo": "nixpkgs",
        "type": "github"
      }
    },
    "nixpkgs_5": {
      "locked": {
        "lastModified": 1763291491,
        "narHash": "sha256-eEYvm+45PPmy+Qe+nZDpn1uhoMUjJwx3PwVVQoO9ksA=",
        "owner": "NixOS",
        "repo": "nixpkgs",
        "rev": "c543a59edf25ada193719764f3bc0c6ba835f94d",
        "type": "github"
      },
      "original": {
        "owner": "NixOS",
        "ref": "nixos-unstable-small",
        "repo": "nixpkgs",
        "type": "github"
      }
    },
    "nixvim": {
      "inputs": {
        "flake-parts": "flake-parts_4",
        "nixpkgs": "nixpkgs_4",
        "systems": "systems"
      },
      "locked": {
        "lastModified": 1766065187,
        "narHash": "sha256-1d6+VDO26pJzibS5xtANeD6C0e39W07xO4GUPsIwTpk=",
        "owner": "nix-community",
        "repo": "nixvim",
        "rev": "2a1f48e701bb11297432864ba4cadee3b886eba3",
        "type": "github"
      },
      "original": {
        "owner": "nix-community",
        "repo": "nixvim",
        "type": "github"
      }
    },
    "reanix": {
      "inputs": {
        "flake-parts": "flake-parts_5",
        "margesimpson": "margesimpson",
        "mrtnvgr": [
          "mrtnvgr"
        ],
        "nixpkgs": [
          "nixpkgs"
        ]
      },
      "locked": {
        "lastModified": 1765247339,
        "narHash": "sha256-eeXVNQ7xWf0HLttbRriQYTshiL8VTD9e6ToleFSGtYM=",
        "owner": "mrtnvgr",
        "repo": "reanix",
        "rev": "ddbd0c5002924ddfa5c2581eba155c6c94dccc16",
        "type": "github"
      },
      "original": {
        "owner": "mrtnvgr",
        "repo": "reanix",
        "type": "github"
      }
    },
    "reascripts": {
      "flake": false,
      "locked": {
        "lastModified": 1765474871,
        "narHash": "sha256-2LIdBBppl8KxCF1KwYNtv2QarpfKw3qOXImn3KX0Oro=",
        "owner": "ReaTeam",
        "repo": "ReaScripts",
        "rev": "335de6662b8d77d6cdb8efa46e44ec943ffe2199",
        "type": "github"
      },
      "original": {
        "owner": "ReaTeam",
        "repo": "ReaScripts",
        "type": "github"
      }
    },
    "root": {
      "inputs": {
        "catppuccin-renoise": "catppuccin-renoise",
        "generators": "generators",
        "home-manager": "home-manager",
        "mrtnvgr": "mrtnvgr",
        "neovim-nightly": "neovim-nightly",
        "nix-colors": "nix-colors",
        "nix-gaming": "nix-gaming",
        "nixpkgs": "nixpkgs_3",
        "nixpkgs-patch-auburn-sounds-inner-pitch": "nixpkgs-patch-auburn-sounds-inner-pitch",
        "nixpkgs-patch-convertwithmoss": "nixpkgs-patch-convertwithmoss",
        "nixpkgs-patch-cstop": "nixpkgs-patch-cstop",
        "nixpkgs-patch-filtr": "nixpkgs-patch-filtr",
        "nixpkgs-patch-gate12": "nixpkgs-patch-gate12",
        "nixpkgs-patch-hamburger": "nixpkgs-patch-hamburger",
        "nixpkgs-patch-nils-k1v": "nixpkgs-patch-nils-k1v",
        "nixpkgs-patch-reevr": "nixpkgs-patch-reevr",
        "nixpkgs-patch-sfizz-ui": "nixpkgs-patch-sfizz-ui",
        "nixpkgs-patch-socalabs-loser-ports": "nixpkgs-patch-socalabs-loser-ports",
        "nixpkgs-patch-socalabs-mverb": "nixpkgs-patch-socalabs-mverb",
        "nixpkgs-patch-socalabs-organ": "nixpkgs-patch-socalabs-organ",
        "nixpkgs-patch-socalabs-other-bundle": "nixpkgs-patch-socalabs-other-bundle",
        "nixpkgs-patch-socalabs-papu": "nixpkgs-patch-socalabs-papu",
        "nixpkgs-patch-socalabs-piano": "nixpkgs-patch-socalabs-piano",
        "nixpkgs-patch-socalabs-rp2a03": "nixpkgs-patch-socalabs-rp2a03",
        "nixpkgs-patch-socalabs-sn76489": "nixpkgs-patch-socalabs-sn76489",
        "nixpkgs-patch-socalabs-voc": "nixpkgs-patch-socalabs-voc",
        "nixpkgs-patch-socalabs-wavetable": "nixpkgs-patch-socalabs-wavetable",
        "nixpkgs-patch-spectralsuite": "nixpkgs-patch-spectralsuite",
        "nixpkgs-patch-time12": "nixpkgs-patch-time12",
        "nixpkgs-patch-wildergarden-maim": "nixpkgs-patch-wildergarden-maim",
        "nixpkgs-patcher": "nixpkgs-patcher",
        "nixpkgs-wine": "nixpkgs-wine",
        "nixvim": "nixvim",
        "reanix": "reanix",
        "reascripts": "reascripts",
        "schizofox": "schizofox"
      }
    },
    "schizofox": {
      "inputs": {
        "flake-compat": "flake-compat",
        "flake-parts": "flake-parts_7",
        "home-manager": "home-manager_2",
        "nixpak": "nixpak",
        "nixpkgs": "nixpkgs_5",
        "searx-randomizer": "searx-randomizer",
        "systems": "systems_2"
      },
      "locked": {
        "lastModified": 1763318041,
        "narHash": "sha256-OzRsfWRKMnJV1zy8s0pJpLQdekk+6Pk9ouFEHTTYQ80=",
        "owner": "schizofox",
        "repo": "schizofox",
        "rev": "62f16eb2847f6d7582ca801052b9858ab2d23b34",
        "type": "github"
      },
      "original": {
        "owner": "schizofox",
        "repo": "schizofox",
        "type": "github"
      }
    },
    "searx-randomizer": {
      "inputs": {
        "crane": "crane",
        "nixpkgs": [
          "schizofox",
          "nixpkgs"
        ]
      },
      "locked": {
        "lastModified": 1762277104,
        "narHash": "sha256-7hAdU+YiphWsXNs5r6CKQ+YVJaBBE1nBFgr3pTummDQ=",
        "owner": "schizofox",
        "repo": "searx-randomizer",
        "rev": "73a690ec270fe5e200abd051c7f142d6e0c1a404",
        "type": "github"
      },
      "original": {
        "owner": "schizofox",
        "repo": "searx-randomizer",
        "type": "github"
      }
    },
    "systems": {
      "locked": {
        "lastModified": 1681028828,
        "narHash": "sha256-Vy1rq5AaRuLzOxct8nz4T6wlgyUR7zLU309k9mBC768=",
        "owner": "nix-systems",
        "repo": "default",
        "rev": "da67096a3b9bf56a91d16901293e51ba5b49a27e",
        "type": "github"
      },
      "original": {
        "owner": "nix-systems",
        "repo": "default",
        "type": "github"
      }
    },
    "systems_2": {
      "locked": {
        "lastModified": 1689347949,
        "narHash": "sha256-12tWmuL2zgBgZkdoB6qXZsgJEH9LR3oUgpaQq2RbI80=",
        "owner": "nix-systems",
        "repo": "default-linux",
        "rev": "31732fcf5e8fea42e59c2488ad31a0e651500f68",
        "type": "github"
      },
      "original": {
        "owner": "nix-systems",
        "repo": "default-linux",
        "type": "github"
      }
    }
  },
  "root": "root",
  "version": 7
}
